{
  "pins" : [
    {
      "identity" : "diskstorage",
      "kind" : "remoteSourceControl",
      "location" : "https://github.com/shvets/DiskStorage",
      "state" : {
        "revision" : "4d85a65c779d6a65d54e8e4edcaf768204056263",
        "version" : "1.0.2"
      }
    },
    {
      "identity" : "files",
      "kind" : "remoteSourceControl",
      "location" : "https://github.com/JohnSundell/Files",
      "state" : {
        "revision" : "d273b5b7025d386feef79ef6bad7de762e106eaf",
        "version" : "4.2.0"
      }
    },
    {
      "identity" : "swiftsoup",
      "kind" : "remoteSourceControl",
      "location" : "https://github.com/scinfu/SwiftSoup",
      "state" : {
        "revision" : "8b6cf29eead8841a1fa7822481cb3af4ddaadba6",
        "version" : "2.6.1"
      }
    }
  ],
  "version" : 2
}
